
Microsoft Visual Studio Solution File, Format Version 11.00
# Visual Studio 2010
Project("{FAE04EC0-301F-11D3-BF4B-00C04F79EFBC}") = "SimpleWebTransport", "SimpleWebTransport.csproj", "{f6c8c6f4-7a8d-8ed8-721a-28bb6ef760ae}"
EndProject
Project("{FAE04EC0-301F-11D3-BF4B-00C04F79EFBC}") = "Mirror", "Mirror.csproj", "{bbf41df1-5e33-2ef1-98ec-a065ab331015}"
EndProject
Project("{FAE04EC0-301F-11D3-BF4B-00C04F79EFBC}") = "Mirror.Components", "Mirror.Components.csproj", "{8376b26a-7c3d-fa46-b3fe-e683b41fa58b}"
EndProject
Project("{FAE04EC0-301F-11D3-BF4B-00C04F79EFBC}") = "kcp2k", "kcp2k.csproj", "{71852795-8913-176e-fd1d-d70bf36a4e60}"
EndProject
Project("{FAE04EC0-301F-11D3-BF4B-00C04F79EFBC}") = "Telepathy", "Telepathy.csproj", "{e04d854b-9c33-c672-7200-6f78f075fe63}"
EndProject
Project("{FAE04EC0-301F-11D3-BF4B-00C04F79EFBC}") = "where-allocations", "where-allocations.csproj", "{12e07f13-7114-3adf-1fe4-bc6d020a35c9}"
EndProject
Project("{FAE04EC0-301F-11D3-BF4B-00C04F79EFBC}") = "Mirror.Authenticators", "Mirror.Authenticators.csproj", "{7a413661-f755-7617-81a8-059aba35a2f7}"
EndProject
Project("{FAE04EC0-301F-11D3-BF4B-00C04F79EFBC}") = "Assembly-CSharp", "Assembly-CSharp.csproj", "{45392147-660a-3aad-f905-896ff962db40}"
EndProject
Project("{FAE04EC0-301F-11D3-BF4B-00C04F79EFBC}") = "Mirror.Editor", "Mirror.Editor.csproj", "{61f19196-9dba-e686-71bb-08ad3280b13e}"
EndProject
Project("{FAE04EC0-301F-11D3-BF4B-00C04F79EFBC}") = "Unity.Mirror.CodeGen", "Unity.Mirror.CodeGen.csproj", "{f206d099-4d7b-9793-df0c-818dc27e280b}"
EndProject
Project("{FAE04EC0-301F-11D3-BF4B-00C04F79EFBC}") = "Mirror.CompilerSymbols", "Mirror.CompilerSymbols.csproj", "{e0a05a37-fed7-cdf6-92e9-fd2bf4543edc}"
EndProject
Global
	GlobalSection(SolutionConfigurationPlatforms) = preSolution
		Debug|Any CPU = Debug|Any CPU
		Release|Any CPU = Release|Any CPU
	EndGlobalSection
	GlobalSection(ProjectConfigurationPlatforms) = postSolution
		{f6c8c6f4-7a8d-8ed8-721a-28bb6ef760ae}.Debug|Any CPU.ActiveCfg = Debug|Any CPU
		{f6c8c6f4-7a8d-8ed8-721a-28bb6ef760ae}.Debug|Any CPU.Build.0 = Debug|Any CPU
		{f6c8c6f4-7a8d-8ed8-721a-28bb6ef760ae}.Release|Any CPU.ActiveCfg = Release|Any CPU
		{f6c8c6f4-7a8d-8ed8-721a-28bb6ef760ae}.Release|Any CPU.Build.0 = Release|Any CPU
		{bbf41df1-5e33-2ef1-98ec-a065ab331015}.Debug|Any CPU.ActiveCfg = Debug|Any CPU
		{bbf41df1-5e33-2ef1-98ec-a065ab331015}.Debug|Any CPU.Build.0 = Debug|Any CPU
		{bbf41df1-5e33-2ef1-98ec-a065ab331015}.Release|Any CPU.ActiveCfg = Release|Any CPU
		{bbf41df1-5e33-2ef1-98ec-a065ab331015}.Release|Any CPU.Build.0 = Release|Any CPU
		{8376b26a-7c3d-fa46-b3fe-e683b41fa58b}.Debug|Any CPU.ActiveCfg = Debug|Any CPU
		{8376b26a-7c3d-fa46-b3fe-e683b41fa58b}.Debug|Any CPU.Build.0 = Debug|Any CPU
		{8376b26a-7c3d-fa46-b3fe-e683b41fa58b}.Release|Any CPU.ActiveCfg = Release|Any CPU
		{8376b26a-7c3d-fa46-b3fe-e683b41fa58b}.Release|Any CPU.Build.0 = Release|Any CPU
		{71852795-8913-176e-fd1d-d70bf36a4e60}.Debug|Any CPU.ActiveCfg = Debug|Any CPU
		{71852795-8913-176e-fd1d-d70bf36a4e60}.Debug|Any CPU.Build.0 = Debug|Any CPU
		{71852795-8913-176e-fd1d-d70bf36a4e60}.Release|Any CPU.ActiveCfg = Release|Any CPU
		{71852795-8913-176e-fd1d-d70bf36a4e60}.Release|Any CPU.Build.0 = Release|Any CPU
		{e04d854b-9c33-c672-7200-6f78f075fe63}.Debug|Any CPU.ActiveCfg = Debug|Any CPU
		{e04d854b-9c33-c672-7200-6f78f075fe63}.Debug|Any CPU.Build.0 = Debug|Any CPU
		{e04d854b-9c33-c672-7200-6f78f075fe63}.Release|Any CPU.ActiveCfg = Release|Any CPU
		{e04d854b-9c33-c672-7200-6f78f075fe63}.Release|Any CPU.Build.0 = Release|Any CPU
		{12e07f13-7114-3adf-1fe4-bc6d020a35c9}.Debug|Any CPU.ActiveCfg = Debug|Any CPU
		{12e07f13-7114-3adf-1fe4-bc6d020a35c9}.Debug|Any CPU.Build.0 = Debug|Any CPU
		{12e07f13-7114-3adf-1fe4-bc6d020a35c9}.Release|Any CPU.ActiveCfg = Release|Any CPU
		{12e07f13-7114-3adf-1fe4-bc6d020a35c9}.Release|Any CPU.Build.0 = Release|Any CPU
		{7a413661-f755-7617-81a8-059aba35a2f7}.Debug|Any CPU.ActiveCfg = Debug|Any CPU
		{7a413661-f755-7617-81a8-059aba35a2f7}.Debug|Any CPU.Build.0 = Debug|Any CPU
		{7a413661-f755-7617-81a8-059aba35a2f7}.Release|Any CPU.ActiveCfg = Release|Any CPU
		{7a413661-f755-7617-81a8-059aba35a2f7}.Release|Any CPU.Build.0 = Release|Any CPU
		{45392147-660a-3aad-f905-896ff962db40}.Debug|Any CPU.ActiveCfg = Debug|Any CPU
		{45392147-660a-3aad-f905-896ff962db40}.Debug|Any CPU.Build.0 = Debug|Any CPU
		{45392147-660a-3aad-f905-896ff962db40}.Release|Any CPU.ActiveCfg = Release|Any CPU
		{45392147-660a-3aad-f905-896ff962db40}.Release|Any CPU.Build.0 = Release|Any CPU
		{61f19196-9dba-e686-71bb-08ad3280b13e}.Debug|Any CPU.ActiveCfg = Debug|Any CPU
		{61f19196-9dba-e686-71bb-08ad3280b13e}.Debug|Any CPU.Build.0 = Debug|Any CPU
		{61f19196-9dba-e686-71bb-08ad3280b13e}.Release|Any CPU.ActiveCfg = Release|Any CPU
		{61f19196-9dba-e686-71bb-08ad3280b13e}.Release|Any CPU.Build.0 = Release|Any CPU
		{f206d099-4d7b-9793-df0c-818dc27e280b}.Debug|Any CPU.ActiveCfg = Debug|Any CPU
		{f206d099-4d7b-9793-df0c-818dc27e280b}.Debug|Any CPU.Build.0 = Debug|Any CPU
		{f206d099-4d7b-9793-df0c-818dc27e280b}.Release|Any CPU.ActiveCfg = Release|Any CPU
		{f206d099-4d7b-9793-df0c-818dc27e280b}.Release|Any CPU.Build.0 = Release|Any CPU
		{e0a05a37-fed7-cdf6-92e9-fd2bf4543edc}.Debug|Any CPU.ActiveCfg = Debug|Any CPU
		{e0a05a37-fed7-cdf6-92e9-fd2bf4543edc}.Debug|Any CPU.Build.0 = Debug|Any CPU
		{e0a05a37-fed7-cdf6-92e9-fd2bf4543edc}.Release|Any CPU.ActiveCfg = Release|Any CPU
		{e0a05a37-fed7-cdf6-92e9-fd2bf4543edc}.Release|Any CPU.Build.0 = Release|Any CPU
	EndGlobalSection
	GlobalSection(SolutionProperties) = preSolution
		HideSolutionNode = FALSE
	EndGlobalSection
EndGlobal
