
Microsoft Visual Studio Solution File, Format Version 12.00
# Visual Studio 15
Project("{FAE04EC0-301F-11D3-BF4B-00C04F79EFBC}") = "Mirror", "Mirror.csproj", "{399554D8-77C9-28CD-3032-022357EDD740}"
EndProject
Project("{FAE04EC0-301F-11D3-BF4B-00C04F79EFBC}") = "Mirror.Components", "Mirror.Components.csproj", "{382B0EF5-62A5-B7F7-D488-3FEEECBB0084}"
EndProject
Project("{FAE04EC0-301F-11D3-BF4B-00C04F79EFBC}") = "SimpleWebTransport", "SimpleWebTransport.csproj", "{E6406318-DD40-6ACF-0647-0984F3C0A880}"
EndProject
Project("{FAE04EC0-301F-11D3-BF4B-00C04F79EFBC}") = "Assembly-CSharp", "Assembly-CSharp.csproj", "{69D87D4E-3C19-B772-85D4-9BA72EE964B3}"
EndProject
Project("{FAE04EC0-301F-11D3-BF4B-00C04F79EFBC}") = "kcp2k", "kcp2k.csproj", "{90CB66CB-9402-A12B-EE4E-AD67DB0AEF51}"
EndProject
Project("{FAE04EC0-301F-11D3-BF4B-00C04F79EFBC}") = "Telepathy", "Telepathy.csproj", "{E33D1099-6EF1-D18D-88B7-AACB7DD93AA3}"
EndProject
Project("{FAE04EC0-301F-11D3-BF4B-00C04F79EFBC}") = "Mirror.Authenticators", "Mirror.Authenticators.csproj", "{62B9A899-4B0E-76D9-8A7F-A39E25DD5A38}"
EndProject
Project("{FAE04EC0-301F-11D3-BF4B-00C04F79EFBC}") = "where-allocations", "where-allocations.csproj", "{592A6002-186F-0F1D-4D3F-86ADDDFBFF07}"
EndProject
Project("{FAE04EC0-301F-11D3-BF4B-00C04F79EFBC}") = "Unity.Mirror.CodeGen", "Unity.Mirror.CodeGen.csproj", "{EC863658-917E-B89F-2C6A-F9398F8AA6B9}"
EndProject
Project("{FAE04EC0-301F-11D3-BF4B-00C04F79EFBC}") = "Mirror.Editor", "Mirror.Editor.csproj", "{35F8CCA3-78A0-4189-346A-2B060A624940}"
EndProject
Project("{FAE04EC0-301F-11D3-BF4B-00C04F79EFBC}") = "Mirror.CompilerSymbols", "Mirror.CompilerSymbols.csproj", "{8EE6CDBC-4C24-BB25-3BEA-787BD997B83F}"
EndProject
Global
	GlobalSection(SolutionConfigurationPlatforms) = preSolution
		Debug|Any CPU = Debug|Any CPU
		Release|Any CPU = Release|Any CPU
	EndGlobalSection
	GlobalSection(ProjectConfigurationPlatforms) = postSolution
		{399554D8-77C9-28CD-3032-022357EDD740}.Debug|Any CPU.ActiveCfg = Debug|Any CPU
		{399554D8-77C9-28CD-3032-022357EDD740}.Debug|Any CPU.Build.0 = Debug|Any CPU
		{399554D8-77C9-28CD-3032-022357EDD740}.Release|Any CPU.ActiveCfg = Release|Any CPU
		{399554D8-77C9-28CD-3032-022357EDD740}.Release|Any CPU.Build.0 = Release|Any CPU
		{382B0EF5-62A5-B7F7-D488-3FEEECBB0084}.Debug|Any CPU.ActiveCfg = Debug|Any CPU
		{382B0EF5-62A5-B7F7-D488-3FEEECBB0084}.Debug|Any CPU.Build.0 = Debug|Any CPU
		{382B0EF5-62A5-B7F7-D488-3FEEECBB0084}.Release|Any CPU.ActiveCfg = Release|Any CPU
		{382B0EF5-62A5-B7F7-D488-3FEEECBB0084}.Release|Any CPU.Build.0 = Release|Any CPU
		{E6406318-DD40-6ACF-0647-0984F3C0A880}.Debug|Any CPU.ActiveCfg = Debug|Any CPU
		{E6406318-DD40-6ACF-0647-0984F3C0A880}.Debug|Any CPU.Build.0 = Debug|Any CPU
		{E6406318-DD40-6ACF-0647-0984F3C0A880}.Release|Any CPU.ActiveCfg = Release|Any CPU
		{E6406318-DD40-6ACF-0647-0984F3C0A880}.Release|Any CPU.Build.0 = Release|Any CPU
		{69D87D4E-3C19-B772-85D4-9BA72EE964B3}.Debug|Any CPU.ActiveCfg = Debug|Any CPU
		{69D87D4E-3C19-B772-85D4-9BA72EE964B3}.Debug|Any CPU.Build.0 = Debug|Any CPU
		{69D87D4E-3C19-B772-85D4-9BA72EE964B3}.Release|Any CPU.ActiveCfg = Release|Any CPU
		{69D87D4E-3C19-B772-85D4-9BA72EE964B3}.Release|Any CPU.Build.0 = Release|Any CPU
		{90CB66CB-9402-A12B-EE4E-AD67DB0AEF51}.Debug|Any CPU.ActiveCfg = Debug|Any CPU
		{90CB66CB-9402-A12B-EE4E-AD67DB0AEF51}.Debug|Any CPU.Build.0 = Debug|Any CPU
		{90CB66CB-9402-A12B-EE4E-AD67DB0AEF51}.Release|Any CPU.ActiveCfg = Release|Any CPU
		{90CB66CB-9402-A12B-EE4E-AD67DB0AEF51}.Release|Any CPU.Build.0 = Release|Any CPU
		{E33D1099-6EF1-D18D-88B7-AACB7DD93AA3}.Debug|Any CPU.ActiveCfg = Debug|Any CPU
		{E33D1099-6EF1-D18D-88B7-AACB7DD93AA3}.Debug|Any CPU.Build.0 = Debug|Any CPU
		{E33D1099-6EF1-D18D-88B7-AACB7DD93AA3}.Release|Any CPU.ActiveCfg = Release|Any CPU
		{E33D1099-6EF1-D18D-88B7-AACB7DD93AA3}.Release|Any CPU.Build.0 = Release|Any CPU
		{62B9A899-4B0E-76D9-8A7F-A39E25DD5A38}.Debug|Any CPU.ActiveCfg = Debug|Any CPU
		{62B9A899-4B0E-76D9-8A7F-A39E25DD5A38}.Debug|Any CPU.Build.0 = Debug|Any CPU
		{62B9A899-4B0E-76D9-8A7F-A39E25DD5A38}.Release|Any CPU.ActiveCfg = Release|Any CPU
		{62B9A899-4B0E-76D9-8A7F-A39E25DD5A38}.Release|Any CPU.Build.0 = Release|Any CPU
		{592A6002-186F-0F1D-4D3F-86ADDDFBFF07}.Debug|Any CPU.ActiveCfg = Debug|Any CPU
		{592A6002-186F-0F1D-4D3F-86ADDDFBFF07}.Debug|Any CPU.Build.0 = Debug|Any CPU
		{592A6002-186F-0F1D-4D3F-86ADDDFBFF07}.Release|Any CPU.ActiveCfg = Release|Any CPU
		{592A6002-186F-0F1D-4D3F-86ADDDFBFF07}.Release|Any CPU.Build.0 = Release|Any CPU
		{EC863658-917E-B89F-2C6A-F9398F8AA6B9}.Debug|Any CPU.ActiveCfg = Debug|Any CPU
		{EC863658-917E-B89F-2C6A-F9398F8AA6B9}.Debug|Any CPU.Build.0 = Debug|Any CPU
		{EC863658-917E-B89F-2C6A-F9398F8AA6B9}.Release|Any CPU.ActiveCfg = Release|Any CPU
		{EC863658-917E-B89F-2C6A-F9398F8AA6B9}.Release|Any CPU.Build.0 = Release|Any CPU
		{35F8CCA3-78A0-4189-346A-2B060A624940}.Debug|Any CPU.ActiveCfg = Debug|Any CPU
		{35F8CCA3-78A0-4189-346A-2B060A624940}.Debug|Any CPU.Build.0 = Debug|Any CPU
		{35F8CCA3-78A0-4189-346A-2B060A624940}.Release|Any CPU.ActiveCfg = Release|Any CPU
		{35F8CCA3-78A0-4189-346A-2B060A624940}.Release|Any CPU.Build.0 = Release|Any CPU
		{8EE6CDBC-4C24-BB25-3BEA-787BD997B83F}.Debug|Any CPU.ActiveCfg = Debug|Any CPU
		{8EE6CDBC-4C24-BB25-3BEA-787BD997B83F}.Debug|Any CPU.Build.0 = Debug|Any CPU
		{8EE6CDBC-4C24-BB25-3BEA-787BD997B83F}.Release|Any CPU.ActiveCfg = Release|Any CPU
		{8EE6CDBC-4C24-BB25-3BEA-787BD997B83F}.Release|Any CPU.Build.0 = Release|Any CPU
	EndGlobalSection
	GlobalSection(SolutionProperties) = preSolution
		HideSolutionNode = FALSE
	EndGlobalSection
EndGlobal
